
Microsoft Visual Studio Solution File, Format Version 12.00
# Visual Studio 14
VisualStudioVersion = 14.0.23107.0
MinimumVisualStudioVersion = 10.0.40219.1
Project("{FAE04EC0-301F-11D3-BF4B-00C04F79EFBC}") = "Heranca", "..\Heranca\Heranca\Heranca.csproj", "{F3A107CA-3615-4257-A6CE-475DFC361DAA}"
EndProject
Global
	GlobalSection(SolutionConfigurationPlatforms) = preSolution
		Debug|Any CPU = Debug|Any CPU
		Release|Any CPU = Release|Any CPU
	EndGlobalSection
	GlobalSection(ProjectConfigurationPlatforms) = postSolution
		{F3A107CA-3615-4257-A6CE-475DFC361DAA}.Debug|Any CPU.ActiveCfg = Debug|Any CPU
		{F3A107CA-3615-4257-A6CE-475DFC361DAA}.Debug|Any CPU.Build.0 = Debug|Any CPU
		{F3A107CA-3615-4257-A6CE-475DFC361DAA}.Release|Any CPU.ActiveCfg = Release|Any CPU
		{F3A107CA-3615-4257-A6CE-475DFC361DAA}.Release|Any CPU.Build.0 = Release|Any CPU
	EndGlobalSection
	GlobalSection(SolutionProperties) = preSolution
		HideSolutionNode = FALSE
	EndGlobalSection
EndGlobal
